PODS:
  - Flutter (1.0.0)
  - flutter_umeng_analytics (0.0.1):
    - Flutter
    - UMCAnalytics
    - UMCCommon
    - UMCSecurityPlugins
  - UMCAnalytics (6.0.3):
    - UMCCommon
  - UMCCommon (2.0.1)
  - UMCSecurityPlugins (1.0.6)

DEPENDENCIES:
  - Flutter (from `.symlinks/flutter/ios`)
  - flutter_umeng_analytics (from `.symlinks/plugins/flutter_umeng_analytics/ios`)

SPEC REPOS:
  https://github.com/cocoapods/specs.git:
    - UMCAnalytics
    - UMCCommon
    - UMCSecurityPlugins

EXTERNAL SOURCES:
  Flutter:
    :path: ".symlinks/flutter/ios"
  flutter_umeng_analytics:
    :path: ".symlinks/plugins/flutter_umeng_analytics/ios"

SPEC CHECKSUMS:
  Flutter: 58dd7d1b27887414a370fcccb9e645c08ffd7a6a
  flutter_umeng_analytics: fdf9795ee8a09e39ad57538e1c7abf351b7673c3
  UMCAnalytics: ff58714ada407682c4a07548156f94bcec92f055
  UMCCommon: 0263a057a2e1ae1da4c8308541e56904a493ce13
  UMCSecurityPlugins: 0831a08f3988f3cea9f1d3a7626cd9bee4fef150

PODFILE CHECKSUM: aff02bfeed411c636180d6812254b2daeea14d09

COCOAPODS: 1.6.1
